
Microsoft Visual Studio Solution File, Format Version 12.00
# Visual Studio 15
VisualStudioVersion = 15.0.27130.2036
MinimumVisualStudioVersion = 10.0.40219.1
Project("{FAE04EC0-301F-11D3-BF4B-00C04F79EFBC}") = "DT.PipeAndFilter", "DT.PipeAndFilter\DT.PipeAndFilter.csproj", "{33B3835E-136D-48C5-869A-AF47466B8213}"
EndProject
Project("{FAE04EC0-301F-11D3-BF4B-00C04F79EFBC}") = "DT.ADT", "DT.ADT\DT.ADT.csproj", "{96D0A76A-3F8E-477E-8FBC-F9F6F107373A}"
EndProject
Project("{FAE04EC0-301F-11D3-BF4B-00C04F79EFBC}") = "DT.Layered", "DT.Layered\DT.Layered.csproj", "{F8EB5347-0877-451D-8C94-63D449F0030E}"
EndProject
Global
	GlobalSection(SolutionConfigurationPlatforms) = preSolution
		Debug|Any CPU = Debug|Any CPU
		Release|Any CPU = Release|Any CPU
	EndGlobalSection
	GlobalSection(ProjectConfigurationPlatforms) = postSolution
		{33B3835E-136D-48C5-869A-AF47466B8213}.Debug|Any CPU.ActiveCfg = Debug|Any CPU
		{33B3835E-136D-48C5-869A-AF47466B8213}.Debug|Any CPU.Build.0 = Debug|Any CPU
		{33B3835E-136D-48C5-869A-AF47466B8213}.Release|Any CPU.ActiveCfg = Release|Any CPU
		{33B3835E-136D-48C5-869A-AF47466B8213}.Release|Any CPU.Build.0 = Release|Any CPU
		{96D0A76A-3F8E-477E-8FBC-F9F6F107373A}.Debug|Any CPU.ActiveCfg = Debug|Any CPU
		{96D0A76A-3F8E-477E-8FBC-F9F6F107373A}.Debug|Any CPU.Build.0 = Debug|Any CPU
		{96D0A76A-3F8E-477E-8FBC-F9F6F107373A}.Release|Any CPU.ActiveCfg = Release|Any CPU
		{96D0A76A-3F8E-477E-8FBC-F9F6F107373A}.Release|Any CPU.Build.0 = Release|Any CPU
		{F8EB5347-0877-451D-8C94-63D449F0030E}.Debug|Any CPU.ActiveCfg = Debug|Any CPU
		{F8EB5347-0877-451D-8C94-63D449F0030E}.Debug|Any CPU.Build.0 = Debug|Any CPU
		{F8EB5347-0877-451D-8C94-63D449F0030E}.Release|Any CPU.ActiveCfg = Release|Any CPU
		{F8EB5347-0877-451D-8C94-63D449F0030E}.Release|Any CPU.Build.0 = Release|Any CPU
	EndGlobalSection
	GlobalSection(SolutionProperties) = preSolution
		HideSolutionNode = FALSE
	EndGlobalSection
	GlobalSection(ExtensibilityGlobals) = postSolution
		SolutionGuid = {2A3D55FF-DA96-478A-B4A6-1B5E8AFA7DAE}
	EndGlobalSection
EndGlobal
