
Microsoft Visual Studio Solution File, Format Version 12.00
# Visual Studio 15
VisualStudioVersion = 15.0.27004.2002
MinimumVisualStudioVersion = 10.0.40219.1
Project("{FAE04EC0-301F-11D3-BF4B-00C04F79EFBC}") = "CDT.PipeAndFilter", "CDT.PipeAndFilter\CDT.PipeAndFilter.csproj", "{33B3835E-136D-48C5-869A-AF47466B8213}"
EndProject
Project("{FAE04EC0-301F-11D3-BF4B-00C04F79EFBC}") = "CDT.ADT", "CDT.ADT\CDT.ADT.csproj", "{96D0A76A-3F8E-477E-8FBC-F9F6F107373A}"
EndProject
Project("{FAE04EC0-301F-11D3-BF4B-00C04F79EFBC}") = "CDT.Layered", "CDT.Layered\CDT.Layered.csproj", "{F8EB5347-0877-451D-8C94-63D449F0030E}"
EndProject
Project("{FAE04EC0-301F-11D3-BF4B-00C04F79EFBC}") = "CDT.PublishSubscribe", "CDT.PublishSubscribe\CDT.PublishSubscribe.csproj", "{A6AA368D-C1A1-4762-8E26-3BF9C15580DB}"
EndProject
Project("{D954291E-2A0B-460D-934E-DC6B0785DB48}") = "CDT.Core", "CDT.Core\CDT.Core.shproj", "{841F1611-4A76-401C-B741-85877DA2C06E}"
EndProject
Project("{FAE04EC0-301F-11D3-BF4B-00C04F79EFBC}") = "CDT.BlackBoard", "CDT.BlackBoard\CDT.BlackBoard.csproj", "{AA479F87-4D09-44D2-BF25-76A76633CB08}"
EndProject
Project("{FAE04EC0-301F-11D3-BF4B-00C04F79EFBC}") = "CDT.InteractiveKWIC", "CDT.InteractiveKWIC\CDT.InteractiveKWIC.csproj", "{81E6E840-96F1-4AE9-9BBC-B05A063F4C45}"
EndProject
Global
	GlobalSection(SharedMSBuildProjectFiles) = preSolution
		CDT.Core\CDT.Core.projitems*{33b3835e-136d-48c5-869a-af47466b8213}*SharedItemsImports = 4
		CDT.Core\CDT.Core.projitems*{841f1611-4a76-401c-b741-85877da2c06e}*SharedItemsImports = 13
		CDT.Core\CDT.Core.projitems*{96d0a76a-3f8e-477e-8fbc-f9f6f107373a}*SharedItemsImports = 4
		CDT.Core\CDT.Core.projitems*{a6aa368d-c1a1-4762-8e26-3bf9c15580db}*SharedItemsImports = 4
		CDT.Core\CDT.Core.projitems*{aa479f87-4d09-44d2-bf25-76a76633cb08}*SharedItemsImports = 4
		CDT.Core\CDT.Core.projitems*{f8eb5347-0877-451d-8c94-63d449f0030e}*SharedItemsImports = 4
	EndGlobalSection
	GlobalSection(SolutionConfigurationPlatforms) = preSolution
		Debug|Any CPU = Debug|Any CPU
		Release|Any CPU = Release|Any CPU
	EndGlobalSection
	GlobalSection(ProjectConfigurationPlatforms) = postSolution
		{33B3835E-136D-48C5-869A-AF47466B8213}.Debug|Any CPU.ActiveCfg = Debug|Any CPU
		{33B3835E-136D-48C5-869A-AF47466B8213}.Debug|Any CPU.Build.0 = Debug|Any CPU
		{33B3835E-136D-48C5-869A-AF47466B8213}.Release|Any CPU.ActiveCfg = Release|Any CPU
		{33B3835E-136D-48C5-869A-AF47466B8213}.Release|Any CPU.Build.0 = Release|Any CPU
		{96D0A76A-3F8E-477E-8FBC-F9F6F107373A}.Debug|Any CPU.ActiveCfg = Debug|Any CPU
		{96D0A76A-3F8E-477E-8FBC-F9F6F107373A}.Debug|Any CPU.Build.0 = Debug|Any CPU
		{96D0A76A-3F8E-477E-8FBC-F9F6F107373A}.Release|Any CPU.ActiveCfg = Release|Any CPU
		{96D0A76A-3F8E-477E-8FBC-F9F6F107373A}.Release|Any CPU.Build.0 = Release|Any CPU
		{F8EB5347-0877-451D-8C94-63D449F0030E}.Debug|Any CPU.ActiveCfg = Debug|Any CPU
		{F8EB5347-0877-451D-8C94-63D449F0030E}.Debug|Any CPU.Build.0 = Debug|Any CPU
		{F8EB5347-0877-451D-8C94-63D449F0030E}.Release|Any CPU.ActiveCfg = Release|Any CPU
		{F8EB5347-0877-451D-8C94-63D449F0030E}.Release|Any CPU.Build.0 = Release|Any CPU
		{A6AA368D-C1A1-4762-8E26-3BF9C15580DB}.Debug|Any CPU.ActiveCfg = Debug|Any CPU
		{A6AA368D-C1A1-4762-8E26-3BF9C15580DB}.Debug|Any CPU.Build.0 = Debug|Any CPU
		{A6AA368D-C1A1-4762-8E26-3BF9C15580DB}.Release|Any CPU.ActiveCfg = Release|Any CPU
		{A6AA368D-C1A1-4762-8E26-3BF9C15580DB}.Release|Any CPU.Build.0 = Release|Any CPU
		{AA479F87-4D09-44D2-BF25-76A76633CB08}.Debug|Any CPU.ActiveCfg = Debug|Any CPU
		{AA479F87-4D09-44D2-BF25-76A76633CB08}.Debug|Any CPU.Build.0 = Debug|Any CPU
		{AA479F87-4D09-44D2-BF25-76A76633CB08}.Release|Any CPU.ActiveCfg = Release|Any CPU
		{AA479F87-4D09-44D2-BF25-76A76633CB08}.Release|Any CPU.Build.0 = Release|Any CPU
		{81E6E840-96F1-4AE9-9BBC-B05A063F4C45}.Debug|Any CPU.ActiveCfg = Debug|Any CPU
		{81E6E840-96F1-4AE9-9BBC-B05A063F4C45}.Debug|Any CPU.Build.0 = Debug|Any CPU
		{81E6E840-96F1-4AE9-9BBC-B05A063F4C45}.Release|Any CPU.ActiveCfg = Release|Any CPU
		{81E6E840-96F1-4AE9-9BBC-B05A063F4C45}.Release|Any CPU.Build.0 = Release|Any CPU
	EndGlobalSection
	GlobalSection(SolutionProperties) = preSolution
		HideSolutionNode = FALSE
	EndGlobalSection
	GlobalSection(ExtensibilityGlobals) = postSolution
		SolutionGuid = {2A3D55FF-DA96-478A-B4A6-1B5E8AFA7DAE}
	EndGlobalSection
EndGlobal
