
Microsoft Visual Studio Solution File, Format Version 12.00
# Visual Studio 15
VisualStudioVersion = 15.0.27130.2036
MinimumVisualStudioVersion = 10.0.40219.1
Project("{FAE04EC0-301F-11D3-BF4B-00C04F79EFBC}") = "ADT", "ADT\ADT.csproj", "{449842E6-4E82-4173-9C86-A9599C9A68C2}"
EndProject
Project("{FAE04EC0-301F-11D3-BF4B-00C04F79EFBC}") = "DT.PipeAndFilter", "DT.PipeAndFilter\DT.PipeAndFilter.csproj", "{33B3835E-136D-48C5-869A-AF47466B8213}"
EndProject
Global
	GlobalSection(SolutionConfigurationPlatforms) = preSolution
		Debug|Any CPU = Debug|Any CPU
		Release|Any CPU = Release|Any CPU
	EndGlobalSection
	GlobalSection(ProjectConfigurationPlatforms) = postSolution
		{449842E6-4E82-4173-9C86-A9599C9A68C2}.Debug|Any CPU.ActiveCfg = Debug|Any CPU
		{449842E6-4E82-4173-9C86-A9599C9A68C2}.Debug|Any CPU.Build.0 = Debug|Any CPU
		{449842E6-4E82-4173-9C86-A9599C9A68C2}.Release|Any CPU.ActiveCfg = Release|Any CPU
		{449842E6-4E82-4173-9C86-A9599C9A68C2}.Release|Any CPU.Build.0 = Release|Any CPU
		{33B3835E-136D-48C5-869A-AF47466B8213}.Debug|Any CPU.ActiveCfg = Debug|Any CPU
		{33B3835E-136D-48C5-869A-AF47466B8213}.Debug|Any CPU.Build.0 = Debug|Any CPU
		{33B3835E-136D-48C5-869A-AF47466B8213}.Release|Any CPU.ActiveCfg = Release|Any CPU
		{33B3835E-136D-48C5-869A-AF47466B8213}.Release|Any CPU.Build.0 = Release|Any CPU
	EndGlobalSection
	GlobalSection(SolutionProperties) = preSolution
		HideSolutionNode = FALSE
	EndGlobalSection
	GlobalSection(ExtensibilityGlobals) = postSolution
		SolutionGuid = {2A3D55FF-DA96-478A-B4A6-1B5E8AFA7DAE}
	EndGlobalSection
EndGlobal
